#MicroXplorer Configuration settings - do not modify
FMC.CASLatency2=FMC_SDRAM_CAS_LATENCY_3
FMC.ExitSelfRefreshDelay2=7
FMC.IPParameters=RowBitsNumber2,CASLatency2,ReadPipeDelay2,ReadPipeDelay1,SDClockPeriod2,SDClockPeriod1,LoadToActiveDelay2,ExitSelfRefreshDelay2,SelfRefreshTime2,RowCycleDelay2,RowCycleDelay1,WriteRecoveryTime2,RPDelay2,RPDelay1,RCDDelay2
FMC.LoadToActiveDelay2=2
FMC.RCDDelay2=2
FMC.RPDelay1=2
FMC.RPDelay2=2
FMC.ReadPipeDelay1=FMC_SDRAM_RPIPE_DELAY_1
FMC.ReadPipeDelay2=FMC_SDRAM_RPIPE_DELAY_1
FMC.RowBitsNumber2=FMC_SDRAM_ROW_BITS_NUM_12
FMC.RowCycleDelay1=7
FMC.RowCycleDelay2=7
FMC.SDClockPeriod1=FMC_SDRAM_CLOCK_PERIOD_2
FMC.SDClockPeriod2=FMC_SDRAM_CLOCK_PERIOD_2
FMC.SelfRefreshTime2=4
FMC.WriteRecoveryTime2=7
File.Version=6
KeepUserPlacement=false
LTDC.ActiveW=320
LTDC.FBStartAdress_L0=0xD0000000
LTDC.HBP=3
LTDC.HFP=3
LTDC.HSync=3
LTDC.IPParameters=Layers,WindowX1_L0,WindowY1_L0,FBStartAdress_L0,ImageWidth_L0,ImageHeight_L0,HSync,HBP,ActiveW,HFP,VSync
LTDC.ImageHeight_L0=480
LTDC.ImageWidth_L0=320
LTDC.Layers=0
LTDC.VSync=1
LTDC.WindowX1_L0=319
LTDC.WindowY1_L0=479
Mcu.Family=STM32F4
Mcu.IP0=FMC
Mcu.IP1=I2C3
Mcu.IP2=LTDC
Mcu.IP3=NVIC
Mcu.IP4=RCC
Mcu.IP5=SPI4
Mcu.IP6=SYS
Mcu.IP7=TIM4
Mcu.IP8=UART4
Mcu.IP9=UART7
Mcu.IPNb=10
Mcu.Name=STM32F429Z(E-G-I)Tx
Mcu.Package=LQFP144
Mcu.Pin0=PE2
Mcu.Pin1=PE3
Mcu.Pin10=PF4
Mcu.Pin11=PF5
Mcu.Pin12=PF6
Mcu.Pin13=PF7
Mcu.Pin14=PF8
Mcu.Pin15=PF10
Mcu.Pin16=PH0/OSC_IN
Mcu.Pin17=PH1/OSC_OUT
Mcu.Pin18=PC0
Mcu.Pin19=PA0/WKUP
Mcu.Pin2=PE4
Mcu.Pin20=PA1
Mcu.Pin21=PA3
Mcu.Pin22=PA4
Mcu.Pin23=PA5
Mcu.Pin24=PA6
Mcu.Pin25=PB0
Mcu.Pin26=PB1
Mcu.Pin27=PF11
Mcu.Pin28=PF12
Mcu.Pin29=PF13
Mcu.Pin3=PE5
Mcu.Pin30=PF14
Mcu.Pin31=PF15
Mcu.Pin32=PG0
Mcu.Pin33=PG1
Mcu.Pin34=PE7
Mcu.Pin35=PE8
Mcu.Pin36=PE9
Mcu.Pin37=PE10
Mcu.Pin38=PE11
Mcu.Pin39=PE12
Mcu.Pin4=PE6
Mcu.Pin40=PE13
Mcu.Pin41=PE14
Mcu.Pin42=PE15
Mcu.Pin43=PB10
Mcu.Pin44=PB11
Mcu.Pin45=PD8
Mcu.Pin46=PD9
Mcu.Pin47=PD10
Mcu.Pin48=PD11
Mcu.Pin49=PD14
Mcu.Pin5=PC13
Mcu.Pin50=PD15
Mcu.Pin51=PG4
Mcu.Pin52=PG5
Mcu.Pin53=PG6
Mcu.Pin54=PG7
Mcu.Pin55=PG8
Mcu.Pin56=PC6
Mcu.Pin57=PC7
Mcu.Pin58=PC8
Mcu.Pin59=PC9
Mcu.Pin6=PF0
Mcu.Pin60=PA8
Mcu.Pin61=PA11
Mcu.Pin62=PA12
Mcu.Pin63=PA13
Mcu.Pin64=PA14
Mcu.Pin65=PC10
Mcu.Pin66=PC12
Mcu.Pin67=PD0
Mcu.Pin68=PD1
Mcu.Pin69=PD2
Mcu.Pin7=PF1
Mcu.Pin70=PD3
Mcu.Pin71=PD4
Mcu.Pin72=PD5
Mcu.Pin73=PD6
Mcu.Pin74=PD7
Mcu.Pin75=PG10
Mcu.Pin76=PG11
Mcu.Pin77=PG12
Mcu.Pin78=PG15
Mcu.Pin79=PB4
Mcu.Pin8=PF2
Mcu.Pin80=PB5
Mcu.Pin81=PB6
Mcu.Pin82=PB7
Mcu.Pin83=PB8
Mcu.Pin84=PB9
Mcu.Pin85=PE0
Mcu.Pin86=PE1
Mcu.Pin87=VP_SYS_VS_Systick
Mcu.Pin88=VP_TIM4_VS_ClockSourceINT
Mcu.Pin9=PF3
Mcu.PinsNb=89
Mcu.UserConstants=
Mcu.UserName=STM32F429ZITx
MxCube.Version=4.16.0
MxDb.Version=DB.4.0.160
NVIC.BusFault_IRQn=true\:0\:0\:false\:false\:true
NVIC.DebugMonitor_IRQn=true\:0\:0\:false\:false\:true
NVIC.HardFault_IRQn=true\:0\:0\:false\:false\:true
NVIC.MemoryManagement_IRQn=true\:0\:0\:false\:false\:true
NVIC.NonMaskableInt_IRQn=true\:0\:0\:false\:false\:true
NVIC.PendSV_IRQn=true\:0\:0\:false\:false\:true
NVIC.PriorityGroup=NVIC_PRIORITYGROUP_4
NVIC.SVCall_IRQn=true\:0\:0\:false\:false\:true
NVIC.SysTick_IRQn=true\:0\:0\:false\:false\:true
NVIC.UsageFault_IRQn=true\:0\:0\:false\:false\:true
PA0/WKUP.Mode=Asynchronous
PA0/WKUP.Signal=UART4_TX
PA1.Mode=Asynchronous
PA1.Signal=UART4_RX
PA11.GPIOParameters=GPIO_Speed
PA11.GPIO_Speed=GPIO_SPEED_FREQ_HIGH
PA11.Mode=RGB666
PA11.Signal=LTDC_R4
PA12.GPIOParameters=GPIO_Speed
PA12.GPIO_Speed=GPIO_SPEED_FREQ_HIGH
PA12.Mode=RGB666
PA12.Signal=LTDC_R5
PA13.Locked=true
PA13.Mode=Serial_Wire
PA13.Signal=SYS_JTMS-SWDIO
PA14.Locked=true
PA14.Mode=Serial_Wire
PA14.Signal=SYS_JTCK-SWCLK
PA3.GPIOParameters=GPIO_Speed
PA3.GPIO_Speed=GPIO_SPEED_FREQ_HIGH
PA3.Mode=RGB666
PA3.Signal=LTDC_B5
PA4.GPIOParameters=GPIO_Speed
PA4.GPIO_Speed=GPIO_SPEED_FREQ_HIGH
PA4.Mode=RGB666
PA4.Signal=LTDC_VSYNC
PA5.Locked=true
PA5.Signal=GPIO_Output
PA6.GPIOParameters=GPIO_Speed
PA6.GPIO_Speed=GPIO_SPEED_FREQ_HIGH
PA6.Mode=RGB666
PA6.Signal=LTDC_G2
PA8.Mode=I2C
PA8.Signal=I2C3_SCL
PB0.GPIOParameters=GPIO_Speed
PB0.GPIO_Speed=GPIO_SPEED_FREQ_HIGH
PB0.Mode=RGB666
PB0.Signal=LTDC_R3
PB1.GPIOParameters=GPIO_Speed
PB1.GPIO_Speed=GPIO_SPEED_FREQ_HIGH
PB1.Mode=RGB666
PB1.Signal=LTDC_R6
PB10.GPIOParameters=GPIO_Speed
PB10.GPIO_Speed=GPIO_SPEED_FREQ_HIGH
PB10.Mode=RGB666
PB10.Signal=LTDC_G4
PB11.GPIOParameters=GPIO_Speed
PB11.GPIO_Speed=GPIO_SPEED_FREQ_HIGH
PB11.Mode=RGB666
PB11.Signal=LTDC_G5
PB4.Locked=true
PB4.Signal=GPIO_Output
PB5.Mode=SdramChipSelect2_2
PB5.Signal=FMC_SDCKE1
PB6.Mode=SdramChipSelect2_2
PB6.Signal=FMC_SDNE1
PB7.Locked=true
PB7.Signal=S_TIM4_CH2
PB8.GPIOParameters=GPIO_Speed
PB8.GPIO_Speed=GPIO_SPEED_FREQ_HIGH
PB8.Mode=RGB666
PB8.Signal=LTDC_B6
PB9.GPIOParameters=GPIO_Speed
PB9.GPIO_Speed=GPIO_SPEED_FREQ_HIGH
PB9.Mode=RGB666
PB9.Signal=LTDC_B7
PC0.Signal=FMC_SDNWE
PC10.GPIOParameters=GPIO_Speed
PC10.GPIO_Speed=GPIO_SPEED_FREQ_HIGH
PC10.Mode=RGB666
PC10.Signal=LTDC_R2
PC12.Locked=true
PC12.Signal=GPIO_Input
PC13.Locked=true
PC13.Signal=GPIO_Output
PC6.GPIOParameters=GPIO_Speed
PC6.GPIO_Speed=GPIO_SPEED_FREQ_HIGH
PC6.Mode=RGB666
PC6.Signal=LTDC_HSYNC
PC7.GPIOParameters=GPIO_Speed
PC7.GPIO_Speed=GPIO_SPEED_FREQ_HIGH
PC7.Mode=RGB666
PC7.Signal=LTDC_G6
PC8.Locked=true
PC8.Signal=GPIO_Input
PC9.Mode=I2C
PC9.Signal=I2C3_SDA
PCC.Checker=false
PCC.Line=STM32F429/439
PCC.MCU=STM32F429Z(E-G-I)Tx
PCC.MXVersion=4.16.0
PCC.PartNumber=STM32F429ZITx
PCC.Seq0=0
PCC.Series=STM32F4
PCC.Temperature=25
PCC.Vdd=null
PD0.Signal=FMC_D2_DA2
PD1.Signal=FMC_D3_DA3
PD10.Signal=FMC_D15_DA15
PD11.Locked=true
PD11.Signal=GPIO_Output
PD14.Signal=FMC_D0_DA0
PD15.Signal=FMC_D1_DA1
PD2.Locked=true
PD2.Signal=GPIO_Output
PD3.GPIOParameters=GPIO_Speed
PD3.GPIO_Speed=GPIO_SPEED_FREQ_HIGH
PD3.Mode=RGB666
PD3.Signal=LTDC_G7
PD4.Locked=true
PD4.Signal=GPIO_Output
PD5.Locked=true
PD5.Signal=GPIO_Output
PD6.GPIOParameters=GPIO_Speed
PD6.GPIO_Speed=GPIO_SPEED_FREQ_HIGH
PD6.Mode=RGB666
PD6.Signal=LTDC_B2
PD7.Locked=true
PD7.Signal=GPIO_Output
PD8.Signal=FMC_D13_DA13
PD9.Signal=FMC_D14_DA14
PE0.Signal=FMC_NBL0
PE1.Signal=FMC_NBL1
PE10.Signal=FMC_D7_DA7
PE11.Signal=FMC_D8_DA8
PE12.Signal=FMC_D9_DA9
PE13.Signal=FMC_D10_DA10
PE14.Signal=FMC_D11_DA11
PE15.Signal=FMC_D12_DA12
PE2.Mode=Full_Duplex_Master
PE2.Signal=SPI4_SCK
PE3.Locked=true
PE3.Signal=GPIO_Output
PE4.Locked=true
PE4.Signal=GPIO_Output
PE5.Mode=Full_Duplex_Master
PE5.Signal=SPI4_MISO
PE6.Mode=Full_Duplex_Master
PE6.Signal=SPI4_MOSI
PE7.Signal=FMC_D4_DA4
PE8.Signal=FMC_D5_DA5
PE9.Signal=FMC_D6_DA6
PF0.Signal=FMC_A0
PF1.Signal=FMC_A1
PF10.GPIOParameters=GPIO_Speed
PF10.GPIO_Speed=GPIO_SPEED_FREQ_HIGH
PF10.Mode=RGB666
PF10.Signal=LTDC_DE
PF11.Signal=FMC_SDNRAS
PF12.Signal=FMC_A6
PF13.Signal=FMC_A7
PF14.Signal=FMC_A8
PF15.Signal=FMC_A9
PF2.Signal=FMC_A2
PF3.Signal=FMC_A3
PF4.Signal=FMC_A4
PF5.Signal=FMC_A5
PF6.Mode=Asynchronous
PF6.Signal=UART7_RX
PF7.Mode=Asynchronous
PF7.Signal=UART7_TX
PF8.Locked=true
PF8.Signal=GPIO_Input
PG0.Signal=FMC_A10
PG1.Signal=FMC_A11
PG10.GPIOParameters=GPIO_Speed
PG10.GPIO_Speed=GPIO_SPEED_FREQ_HIGH
PG10.Mode=RGB666
PG10.Signal=LTDC_G3
PG11.GPIOParameters=GPIO_Speed
PG11.GPIO_Speed=GPIO_SPEED_FREQ_HIGH
PG11.Mode=RGB666
PG11.Signal=LTDC_B3
PG12.GPIOParameters=GPIO_Speed
PG12.GPIO_Speed=GPIO_SPEED_FREQ_HIGH
PG12.Mode=RGB666
PG12.Signal=LTDC_B4
PG15.Signal=FMC_SDNCAS
PG4.Signal=FMC_A14_BA0
PG5.Signal=FMC_A15_BA1
PG6.GPIOParameters=GPIO_Speed
PG6.GPIO_Speed=GPIO_SPEED_FREQ_HIGH
PG6.Mode=RGB666
PG6.Signal=LTDC_R7
PG7.GPIOParameters=GPIO_Speed
PG7.GPIO_Speed=GPIO_SPEED_FREQ_HIGH
PG7.Mode=RGB666
PG7.Signal=LTDC_CLK
PG8.Signal=FMC_SDCLK
PH0/OSC_IN.Mode=HSE-External-Oscillator
PH0/OSC_IN.Signal=RCC_OSC_IN
PH1/OSC_OUT.Mode=HSE-External-Oscillator
PH1/OSC_OUT.Signal=RCC_OSC_OUT
ProjectManager.AskForMigrate=true
ProjectManager.BackupPrevious=false
ProjectManager.CompilerOptimize=2
ProjectManager.ComputerToolchain=false
ProjectManager.CoupleFile=false
ProjectManager.DeletePrevious=true
ProjectManager.DeviceId=STM32F429ZITx
ProjectManager.FirmwarePackage=STM32Cube FW_F4 V1.13.0
ProjectManager.FreePins=false
ProjectManager.HalAssertFull=false
ProjectManager.HeapSize=0x200
ProjectManager.KeepUserCode=true
ProjectManager.LastFirmware=true
ProjectManager.LibraryCopy=1
ProjectManager.PreviousToolchain=SW4STM32
ProjectManager.ProjectBuild=false
ProjectManager.ProjectFileName=Copperfeild_II.ioc
ProjectManager.ProjectName=Copperfeild_II
ProjectManager.StackSize=0x400
ProjectManager.TargetToolchain=SW4STM32
ProjectManager.ToolChainLocation=C\:\\chendong\\My document\\code\\STM32\\JZHTFT\\Copperfeild_II
ProjectManager.UnderRoot=true
ProjectManager.functionlistsort=1-MX_GPIO_Init-GPIO-false,2-MX_FMC_Init-FMC-false,3-MX_LTDC_Init-LTDC-false,4-MX_I2C3_Init-I2C3-false,5-MX_SPI4_Init-SPI4-false,6-MX_TIM4_Init-TIM4-false,7-MX_UART4_Init-UART4-false,8-MX_UART7_Init-UART7-false
RCC.48MHZClocksFreq_Value=90000000
RCC.AHBFreq_Value=180000000
RCC.APB1CLKDivider=RCC_HCLK_DIV4
RCC.APB1Freq_Value=45000000
RCC.APB1TimFreq_Value=90000000
RCC.APB2CLKDivider=RCC_HCLK_DIV2
RCC.APB2Freq_Value=90000000
RCC.APB2TimFreq_Value=180000000
RCC.CortexFreq_Value=180000000
RCC.EthernetFreq_Value=180000000
RCC.FCLKCortexFreq_Value=180000000
RCC.FamilyName=M
RCC.HCLKFreq_Value=180000000
RCC.HSE_VALUE=8000000
RCC.HSI_VALUE=16000000
RCC.I2SClocksFreq_Value=96000000
RCC.IPParameters=48MHZClocksFreq_Value,AHBFreq_Value,APB1CLKDivider,APB1Freq_Value,APB1TimFreq_Value,APB2CLKDivider,APB2Freq_Value,APB2TimFreq_Value,CortexFreq_Value,EthernetFreq_Value,FCLKCortexFreq_Value,FamilyName,HCLKFreq_Value,HSE_VALUE,HSI_VALUE,I2SClocksFreq_Value,LCDTFTFreq_Value,LSE_VALUE,LSI_VALUE,MCO2PinFreq_Value,PLLCLKFreq_Value,PLLM,PLLN,PLLQCLKFreq_Value,PLLSAIN,PLLSAIR,PLLSourceVirtual,RTCFreq_Value,RTCHSEDivFreq_Value,SAI_AClocksFreq_Value,SAI_BClocksFreq_Value,SYSCLKFreq_VALUE,SYSCLKSource,VCOI2SOutputFreq_Value,VCOInputFreq_Value,VCOOutputFreq_Value,VCOSAIOutputFreq_Value,VCOSAIOutputFreq_ValueQ,VCOSAIOutputFreq_ValueR,VcooutputI2S,VcooutputI2SQ
RCC.LCDTFTFreq_Value=10000000
RCC.LSE_VALUE=32768
RCC.LSI_VALUE=32000
RCC.MCO2PinFreq_Value=180000000
RCC.PLLCLKFreq_Value=180000000
RCC.PLLM=8
RCC.PLLN=360
RCC.PLLQCLKFreq_Value=90000000
RCC.PLLSAIN=120
RCC.PLLSAIR=6
RCC.PLLSourceVirtual=RCC_PLLSOURCE_HSE
RCC.RTCFreq_Value=32000
RCC.RTCHSEDivFreq_Value=4000000
RCC.SAI_AClocksFreq_Value=30000000
RCC.SAI_BClocksFreq_Value=30000000
RCC.SYSCLKFreq_VALUE=180000000
RCC.SYSCLKSource=RCC_SYSCLKSOURCE_PLLCLK
RCC.VCOI2SOutputFreq_Value=192000000
RCC.VCOInputFreq_Value=1000000
RCC.VCOOutputFreq_Value=360000000
RCC.VCOSAIOutputFreq_Value=120000000
RCC.VCOSAIOutputFreq_ValueQ=30000000
RCC.VCOSAIOutputFreq_ValueR=20000000
RCC.VcooutputI2S=96000000
RCC.VcooutputI2SQ=96000000
SH.FMC_A0.0=FMC_A0,12b-sda2
SH.FMC_A0.ConfNb=1
SH.FMC_A1.0=FMC_A1,12b-sda2
SH.FMC_A1.ConfNb=1
SH.FMC_A10.0=FMC_A10,12b-sda2
SH.FMC_A10.ConfNb=1
SH.FMC_A11.0=FMC_A11,12b-sda2
SH.FMC_A11.ConfNb=1
SH.FMC_A14_BA0.0=FMC_BA0,FourSdramBanks2
SH.FMC_A14_BA0.ConfNb=1
SH.FMC_A15_BA1.0=FMC_BA1,FourSdramBanks2
SH.FMC_A15_BA1.ConfNb=1
SH.FMC_A2.0=FMC_A2,12b-sda2
SH.FMC_A2.ConfNb=1
SH.FMC_A3.0=FMC_A3,12b-sda2
SH.FMC_A3.ConfNb=1
SH.FMC_A4.0=FMC_A4,12b-sda2
SH.FMC_A4.ConfNb=1
SH.FMC_A5.0=FMC_A5,12b-sda2
SH.FMC_A5.ConfNb=1
SH.FMC_A6.0=FMC_A6,12b-sda2
SH.FMC_A6.ConfNb=1
SH.FMC_A7.0=FMC_A7,12b-sda2
SH.FMC_A7.ConfNb=1
SH.FMC_A8.0=FMC_A8,12b-sda2
SH.FMC_A8.ConfNb=1
SH.FMC_A9.0=FMC_A9,12b-sda2
SH.FMC_A9.ConfNb=1
SH.FMC_D0_DA0.0=FMC_D0,sd-16b-d2
SH.FMC_D0_DA0.ConfNb=1
SH.FMC_D10_DA10.0=FMC_D10,sd-16b-d2
SH.FMC_D10_DA10.ConfNb=1
SH.FMC_D11_DA11.0=FMC_D11,sd-16b-d2
SH.FMC_D11_DA11.ConfNb=1
SH.FMC_D12_DA12.0=FMC_D12,sd-16b-d2
SH.FMC_D12_DA12.ConfNb=1
SH.FMC_D13_DA13.0=FMC_D13,sd-16b-d2
SH.FMC_D13_DA13.ConfNb=1
SH.FMC_D14_DA14.0=FMC_D14,sd-16b-d2
SH.FMC_D14_DA14.ConfNb=1
SH.FMC_D15_DA15.0=FMC_D15,sd-16b-d2
SH.FMC_D15_DA15.ConfNb=1
SH.FMC_D1_DA1.0=FMC_D1,sd-16b-d2
SH.FMC_D1_DA1.ConfNb=1
SH.FMC_D2_DA2.0=FMC_D2,sd-16b-d2
SH.FMC_D2_DA2.ConfNb=1
SH.FMC_D3_DA3.0=FMC_D3,sd-16b-d2
SH.FMC_D3_DA3.ConfNb=1
SH.FMC_D4_DA4.0=FMC_D4,sd-16b-d2
SH.FMC_D4_DA4.ConfNb=1
SH.FMC_D5_DA5.0=FMC_D5,sd-16b-d2
SH.FMC_D5_DA5.ConfNb=1
SH.FMC_D6_DA6.0=FMC_D6,sd-16b-d2
SH.FMC_D6_DA6.ConfNb=1
SH.FMC_D7_DA7.0=FMC_D7,sd-16b-d2
SH.FMC_D7_DA7.ConfNb=1
SH.FMC_D8_DA8.0=FMC_D8,sd-16b-d2
SH.FMC_D8_DA8.ConfNb=1
SH.FMC_D9_DA9.0=FMC_D9,sd-16b-d2
SH.FMC_D9_DA9.ConfNb=1
SH.FMC_NBL0.0=FMC_NBL0,Sd2ByteEnable2
SH.FMC_NBL0.ConfNb=1
SH.FMC_NBL1.0=FMC_NBL1,Sd2ByteEnable2
SH.FMC_NBL1.ConfNb=1
SH.FMC_SDCLK.0=FMC_SDCLK,12b-sda2
SH.FMC_SDCLK.ConfNb=1
SH.FMC_SDNCAS.0=FMC_SDNCAS,12b-sda2
SH.FMC_SDNCAS.ConfNb=1
SH.FMC_SDNRAS.0=FMC_SDNRAS,12b-sda2
SH.FMC_SDNRAS.ConfNb=1
SH.FMC_SDNWE.0=FMC_SDNWE,12b-sda2
SH.FMC_SDNWE.ConfNb=1
SH.S_TIM4_CH2.0=TIM4_CH2,PWM Generation2 CH2
SH.S_TIM4_CH2.ConfNb=1
SPI4.CalculateBaudRate=45.0 MBits/s
SPI4.IPParameters=Mode,CalculateBaudRate
SPI4.Mode=SPI_MODE_MASTER
TIM4.Channel-PWM\ Generation2\ CH2=TIM_CHANNEL_2
TIM4.IPParameters=Channel-PWM Generation2 CH2
VP_SYS_VS_Systick.Mode=SysTick
VP_SYS_VS_Systick.Signal=SYS_VS_Systick
VP_TIM4_VS_ClockSourceINT.Mode=Internal
VP_TIM4_VS_ClockSourceINT.Signal=TIM4_VS_ClockSourceINT
board=Copperfeild_II
